// !$*UTF8*$!
{
	archiveVersion = 1;
	classes = {
	};
	objectVersion = 50;
	objects = {

/* Begin PBXBuildFile section */
		7F434082261CEA74003B049B /* AppDelegate.swift in Sources */ = {isa = PBXBuildFile; fileRef = 7F434081261CEA74003B049B /* AppDelegate.swift */; };
		7F434084261CEA74003B049B /* SceneDelegate.swift in Sources */ = {isa = PBXBuildFile; fileRef = 7F434083261CEA74003B049B /* SceneDelegate.swift */; };
		7F434086261CEA74003B049B /* ViewController.swift in Sources */ = {isa = PBXBuildFile; fileRef = 7F434085261CEA74003B049B /* ViewController.swift */; };
		7F434089261CEA74003B049B /* Main.storyboard in Resources */ = {isa = PBXBuildFile; fileRef = 7F434087261CEA74003B049B /* Main.storyboard */; };
		7F43408B261CEA76003B049B /* Assets.xcassets in Resources */ = {isa = PBXBuildFile; fileRef = 7F43408A261CEA76003B049B /* Assets.xcassets */; };
		7F43408E261CEA76003B049B /* LaunchScreen.storyboard in Resources */ = {isa = PBXBuildFile; fileRef = 7F43408C261CEA76003B049B /* LaunchScreen.storyboard */; };
		7F43409D261CEAFB003B049B /* AppDelegate.swift in Sources */ = {isa = PBXBuildFile; fileRef = 7F43409C261CEAFB003B049B /* AppDelegate.swift */; };
		7F43409F261CEAFB003B049B /* SceneDelegate.swift in Sources */ = {isa = PBXBuildFile; fileRef = 7F43409E261CEAFB003B049B /* SceneDelegate.swift */; };
		7F4340A1261CEAFB003B049B /* ViewController.swift in Sources */ = {isa = PBXBuildFile; fileRef = 7F4340A0261CEAFB003B049B /* ViewController.swift */; };
		7F4340A4261CEAFB003B049B /* Main.storyboard in Resources */ = {isa = PBXBuildFile; fileRef = 7F4340A2261CEAFB003B049B /* Main.storyboard */; };
		7F4340A9261CEAFE003B049B /* LaunchScreen.storyboard in Resources */ = {isa = PBXBuildFile; fileRef = 7F4340A7261CEAFE003B049B /* LaunchScreen.storyboard */; };
		7F4340B3261CEB55003B049B /* Assets.xcassets in Resources */ = {isa = PBXBuildFile; fileRef = 7F43408A261CEA76003B049B /* Assets.xcassets */; };
/* End PBXBuildFile section */

/* Begin PBXFileReference section */
		7F43407E261CEA74003B049B /* ArtableShop.app */ = {isa = PBXFileReference; explicitFileType = wrapper.application; includeInIndex = 0; path = ArtableShop.app; sourceTree = BUILT_PRODUCTS_DIR; };
		7F434081261CEA74003B049B /* AppDelegate.swift */ = {isa = PBXFileReference; lastKnownFileType = sourcecode.swift; path = AppDelegate.swift; sourceTree = "<group>"; };
		7F434083261CEA74003B049B /* SceneDelegate.swift */ = {isa = PBXFileReference; lastKnownFileType = sourcecode.swift; path = SceneDelegate.swift; sourceTree = "<group>"; };
		7F434085261CEA74003B049B /* ViewController.swift */ = {isa = PBXFileReference; lastKnownFileType = sourcecode.swift; path = ViewController.swift; sourceTree = "<group>"; };
		7F434088261CEA74003B049B /* Base */ = {isa = PBXFileReference; lastKnownFileType = file.storyboard; name = Base; path = Base.lproj/Main.storyboard; sourceTree = "<group>"; };
		7F43408A261CEA76003B049B /* Assets.xcassets */ = {isa = PBXFileReference; lastKnownFileType = folder.assetcatalog; path = Assets.xcassets; sourceTree = "<group>"; };
		7F43408D261CEA76003B049B /* Base */ = {isa = PBXFileReference; lastKnownFileType = file.storyboard; name = Base; path = Base.lproj/LaunchScreen.storyboard; sourceTree = "<group>"; };
		7F43408F261CEA76003B049B /* Info.plist */ = {isa = PBXFileReference; lastKnownFileType = text.plist.xml; path = Info.plist; sourceTree = "<group>"; };
		7F43409A261CEAFB003B049B /* ArtableAdmin.app */ = {isa = PBXFileReference; explicitFileType = wrapper.application; includeInIndex = 0; path = ArtableAdmin.app; sourceTree = BUILT_PRODUCTS_DIR; };
		7F43409C261CEAFB003B049B /* AppDelegate.swift */ = {isa = PBXFileReference; lastKnownFileType = sourcecode.swift; path = AppDelegate.swift; sourceTree = "<group>"; };
		7F43409E261CEAFB003B049B /* SceneDelegate.swift */ = {isa = PBXFileReference; lastKnownFileType = sourcecode.swift; path = SceneDelegate.swift; sourceTree = "<group>"; };
		7F4340A0261CEAFB003B049B /* ViewController.swift */ = {isa = PBXFileReference; lastKnownFileType = sourcecode.swift; path = ViewController.swift; sourceTree = "<group>"; };
		7F4340A3261CEAFB003B049B /* Base */ = {isa = PBXFileReference; lastKnownFileType = file.storyboard; name = Base; path = Base.lproj/Main.storyboard; sourceTree = "<group>"; };
		7F4340A8261CEAFE003B049B /* Base */ = {isa = PBXFileReference; lastKnownFileType = file.storyboard; name = Base; path = Base.lproj/LaunchScreen.storyboard; sourceTree = "<group>"; };
		7F4340AA261CEAFE003B049B /* Info.plist */ = {isa = PBXFileReference; lastKnownFileType = text.plist.xml; path = Info.plist; sourceTree = "<group>"; };
/* End PBXFileReference section */

/* Begin PBXFrameworksBuildPhase section */
		7F43407B261CEA74003B049B /* Frameworks */ = {
			isa = PBXFrameworksBuildPhase;
			buildActionMask = 2147483647;
			files = (
			);
			runOnlyForDeploymentPostprocessing = 0;
		};
		7F434097261CEAFB003B049B /* Frameworks */ = {
			isa = PBXFrameworksBuildPhase;
			buildActionMask = 2147483647;
			files = (
			);
			runOnlyForDeploymentPostprocessing = 0;
		};
/* End PBXFrameworksBuildPhase section */

/* Begin PBXGroup section */
		7F434075261CEA74003B049B = {
			isa = PBXGroup;
			children = (
				7F4340B2261CEB34003B049B /* Shared */,
				7F434080261CEA74003B049B /* ArtableShop */,
				7F43409B261CEAFB003B049B /* ArtableAdmin */,
				7F43407F261CEA74003B049B /* Products */,
			);
			sourceTree = "<group>";
		};
		7F43407F261CEA74003B049B /* Products */ = {
			isa = PBXGroup;
			children = (
				7F43407E261CEA74003B049B /* ArtableShop.app */,
				7F43409A261CEAFB003B049B /* ArtableAdmin.app */,
			);
			name = Products;
			sourceTree = "<group>";
		};
		7F434080261CEA74003B049B /* ArtableShop */ = {
			isa = PBXGroup;
			children = (
				7F434081261CEA74003B049B /* AppDelegate.swift */,
				7F434083261CEA74003B049B /* SceneDelegate.swift */,
				7F434085261CEA74003B049B /* ViewController.swift */,
				7F434087261CEA74003B049B /* Main.storyboard */,
				7F43408C261CEA76003B049B /* LaunchScreen.storyboard */,
				7F43408F261CEA76003B049B /* Info.plist */,
			);
			path = ArtableShop;
			sourceTree = "<group>";
		};
		7F43409B261CEAFB003B049B /* ArtableAdmin */ = {
			isa = PBXGroup;
			children = (
				7F43409C261CEAFB003B049B /* AppDelegate.swift */,
				7F43409E261CEAFB003B049B /* SceneDelegate.swift */,
				7F4340A0261CEAFB003B049B /* ViewController.swift */,
				7F4340A2261CEAFB003B049B /* Main.storyboard */,
				7F4340A7261CEAFE003B049B /* LaunchScreen.storyboard */,
				7F4340AA261CEAFE003B049B /* Info.plist */,
			);
			path = ArtableAdmin;
			sourceTree = "<group>";
		};
		7F4340B2261CEB34003B049B /* Shared */ = {
			isa = PBXGroup;
			children = (
				7F43408A261CEA76003B049B /* Assets.xcassets */,
			);
			path = Shared;
			sourceTree = "<group>";
		};
/* End PBXGroup section */

/* Begin PBXNativeTarget section */
		7F43407D261CEA74003B049B /* ArtableShop */ = {
			isa = PBXNativeTarget;
			buildConfigurationList = 7F434092261CEA76003B049B /* Build configuration list for PBXNativeTarget "ArtableShop" */;
			buildPhases = (
				7F43407A261CEA74003B049B /* Sources */,
				7F43407B261CEA74003B049B /* Frameworks */,
				7F43407C261CEA74003B049B /* Resources */,
			);
			buildRules = (
			);
			dependencies = (
			);
			name = ArtableShop;
			productName = ArtableShop;
			productReference = 7F43407E261CEA74003B049B /* ArtableShop.app */;
			productType = "com.apple.product-type.application";
		};
		7F434099261CEAFB003B049B /* ArtableAdmin */ = {
			isa = PBXNativeTarget;
			buildConfigurationList = 7F4340AB261CEAFE003B049B /* Build configuration list for PBXNativeTarget "ArtableAdmin" */;
			buildPhases = (
				7F434096261CEAFB003B049B /* Sources */,
				7F434097261CEAFB003B049B /* Frameworks */,
				7F434098261CEAFB003B049B /* Resources */,
			);
			buildRules = (
			);
			dependencies = (
			);
			name = ArtableAdmin;
			productName = ArtableAdmin;
			productReference = 7F43409A261CEAFB003B049B /* ArtableAdmin.app */;
			productType = "com.apple.product-type.application";
		};
/* End PBXNativeTarget section */

/* Begin PBXProject section */
		7F434076261CEA74003B049B /* Project object */ = {
			isa = PBXProject;
			attributes = {
				LastSwiftUpdateCheck = 1240;
				LastUpgradeCheck = 1240;
				TargetAttributes = {
					7F43407D261CEA74003B049B = {
						CreatedOnToolsVersion = 12.4;
					};
					7F434099261CEAFB003B049B = {
						CreatedOnToolsVersion = 12.4;
					};
				};
			};
			buildConfigurationList = 7F434079261CEA74003B049B /* Build configuration list for PBXProject "ArtableShop" */;
			compatibilityVersion = "Xcode 9.3";
			developmentRegion = en;
			hasScannedForEncodings = 0;
			knownRegions = (
				en,
				Base,
			);
			mainGroup = 7F434075261CEA74003B049B;
			productRefGroup = 7F43407F261CEA74003B049B /* Products */;
			projectDirPath = "";
			projectRoot = "";
			targets = (
				7F43407D261CEA74003B049B /* ArtableShop */,
				7F434099261CEAFB003B049B /* ArtableAdmin */,
			);
		};
/* End PBXProject section */

/* Begin PBXResourcesBuildPhase section */
		7F43407C261CEA74003B049B /* Resources */ = {
			isa = PBXResourcesBuildPhase;
			buildActionMask = 2147483647;
			files = (
				7F43408E261CEA76003B049B /* LaunchScreen.storyboard in Resources */,
				7F43408B261CEA76003B049B /* Assets.xcassets in Resources */,
				7F434089261CEA74003B049B /* Main.storyboard in Resources */,
			);
			runOnlyForDeploymentPostprocessing = 0;
		};
		7F434098261CEAFB003B049B /* Resources */ = {
			isa = PBXResourcesBuildPhase;
			buildActionMask = 2147483647;
			files = (
				7F4340A9261CEAFE003B049B /* LaunchScreen.storyboard in Resources */,
				7F4340B3261CEB55003B049B /* Assets.xcassets in Resources */,
				7F4340A4261CEAFB003B049B /* Main.storyboard in Resources */,
			);
			runOnlyForDeploymentPostprocessing = 0;
		};
/* End PBXResourcesBuildPhase section */

/* Begin PBXSourcesBuildPhase section */
		7F43407A261CEA74003B049B /* Sources */ = {
			isa = PBXSourcesBuildPhase;
			buildActionMask = 2147483647;
			files = (
				7F434086261CEA74003B049B /* ViewController.swift in Sources */,
				7F434082261CEA74003B049B /* AppDelegate.swift in Sources */,
				7F434084261CEA74003B049B /* SceneDelegate.swift in Sources */,
			);
			runOnlyForDeploymentPostprocessing = 0;
		};
		7F434096261CEAFB003B049B /* Sources */ = {
			isa = PBXSourcesBuildPhase;
			buildActionMask = 2147483647;
			files = (
				7F4340A1261CEAFB003B049B /* ViewController.swift in Sources */,
				7F43409D261CEAFB003B049B /* AppDelegate.swift in Sources */,
				7F43409F261CEAFB003B049B /* SceneDelegate.swift in Sources */,
			);
			runOnlyForDeploymentPostprocessing = 0;
		};
/* End PBXSourcesBuildPhase section */

/* Begin PBXVariantGroup section */
		7F434087261CEA74003B049B /* Main.storyboard */ = {
			isa = PBXVariantGroup;
			children = (
				7F434088261CEA74003B049B /* Base */,
			);
			name = Main.storyboard;
			sourceTree = "<group>";
		};
		7F43408C261CEA76003B049B /* LaunchScreen.storyboard */ = {
			isa = PBXVariantGroup;
			children = (
				7F43408D261CEA76003B049B /* Base */,
			);
			name = LaunchScreen.storyboard;
			sourceTree = "<group>";
		};
		7F4340A2261CEAFB003B049B /* Main.storyboard */ = {
			isa = PBXVariantGroup;
			children = (
				7F4340A3261CEAFB003B049B /* Base */,
			);
			name = Main.storyboard;
			sourceTree = "<group>";
		};
		7F4340A7261CEAFE003B049B /* LaunchScreen.storyboard */ = {
			isa = PBXVariantGroup;
			children = (
				7F4340A8261CEAFE003B049B /* Base */,
			);
			name = LaunchScreen.storyboard;
			sourceTree = "<group>";
		};
/* End PBXVariantGroup section */

/* Begin XCBuildConfiguration section */
		7F434090261CEA76003B049B /* Debug */ = {
			isa = XCBuildConfiguration;
			buildSettings = {
				ALWAYS_SEARCH_USER_PATHS = NO;
				CLANG_ANALYZER_NONNULL = YES;
				CLANG_ANALYZER_NUMBER_OBJECT_CONVERSION = YES_AGGRESSIVE;
				CLANG_CXX_LANGUAGE_STANDARD = "gnu++14";
				CLANG_CXX_LIBRARY = "libc++";
				CLANG_ENABLE_MODULES = YES;
				CLANG_ENABLE_OBJC_ARC = YES;
				CLANG_ENABLE_OBJC_WEAK = YES;
				CLANG_WARN_BLOCK_CAPTURE_AUTORELEASING = YES;
				CLANG_WARN_BOOL_CONVERSION = YES;
				CLANG_WARN_COMMA = YES;
				CLANG_WARN_CONSTANT_CONVERSION = YES;
				CLANG_WARN_DEPRECATED_OBJC_IMPLEMENTATIONS = YES;
				CLANG_WARN_DIRECT_OBJC_ISA_USAGE = YES_ERROR;
				CLANG_WARN_DOCUMENTATION_COMMENTS = YES;
				CLANG_WARN_EMPTY_BODY = YES;
				CLANG_WARN_ENUM_CONVERSION = YES;
				CLANG_WARN_INFINITE_RECURSION = YES;
				CLANG_WARN_INT_CONVERSION = YES;
				CLANG_WARN_NON_LITERAL_NULL_CONVERSION = YES;
				CLANG_WARN_OBJC_IMPLICIT_RETAIN_SELF = YES;
				CLANG_WARN_OBJC_LITERAL_CONVERSION = YES;
				CLANG_WARN_OBJC_ROOT_CLASS = YES_ERROR;
				CLANG_WARN_QUOTED_INCLUDE_IN_FRAMEWORK_HEADER = YES;
				CLANG_WARN_RANGE_LOOP_ANALYSIS = YES;
				CLANG_WARN_STRICT_PROTOTYPES = YES;
				CLANG_WARN_SUSPICIOUS_MOVE = YES;
				CLANG_WARN_UNGUARDED_AVAILABILITY = YES_AGGRESSIVE;
				CLANG_WARN_UNREACHABLE_CODE = YES;
				CLANG_WARN__DUPLICATE_METHOD_MATCH = YES;
				COPY_PHASE_STRIP = NO;
				DEBUG_INFORMATION_FORMAT = dwarf;
				ENABLE_STRICT_OBJC_MSGSEND = YES;
				ENABLE_TESTABILITY = YES;
				GCC_C_LANGUAGE_STANDARD = gnu11;
				GCC_DYNAMIC_NO_PIC = NO;
				GCC_NO_COMMON_BLOCKS = YES;
				GCC_OPTIMIZATION_LEVEL = 0;
				GCC_PREPROCESSOR_DEFINITIONS = (
					"DEBUG=1",
					"$(inherited)",
				);
				GCC_WARN_64_TO_32_BIT_CONVERSION = YES;
				GCC_WARN_ABOUT_RETURN_TYPE = YES_ERROR;
				GCC_WARN_UNDECLARED_SELECTOR = YES;
				GCC_WARN_UNINITIALIZED_AUTOS = YES_AGGRESSIVE;
				GCC_WARN_UNUSED_FUNCTION = YES;
				GCC_WARN_UNUSED_VARIABLE = YES;
				IPHONEOS_DEPLOYMENT_TARGET = 14.4;
				MTL_ENABLE_DEBUG_INFO = INCLUDE_SOURCE;
				MTL_FAST_MATH = YES;
				ONLY_ACTIVE_ARCH = YES;
				SDKROOT = iphoneos;
				SWIFT_ACTIVE_COMPILATION_CONDITIONS = DEBUG;
				SWIFT_OPTIMIZATION_LEVEL = "-Onone";
			};
			name = Debug;
		};
		7F434091261CEA76003B049B /* Release */ = {
			isa = XCBuildConfiguration;
			buildSettings = {
				ALWAYS_SEARCH_USER_PATHS = NO;
				CLANG_ANALYZER_NONNULL = YES;
				CLANG_ANALYZER_NUMBER_OBJECT_CONVERSION = YES_AGGRESSIVE;
				CLANG_CXX_LANGUAGE_STANDARD = "gnu++14";
				CLANG_CXX_LIBRARY = "libc++";
				CLANG_ENABLE_MODULES = YES;
				CLANG_ENABLE_OBJC_ARC = YES;
				CLANG_ENABLE_OBJC_WEAK = YES;
				CLANG_WARN_BLOCK_CAPTURE_AUTORELEASING = YES;
				CLANG_WARN_BOOL_CONVERSION = YES;
				CLANG_WARN_COMMA = YES;
				CLANG_WARN_CONSTANT_CONVERSION = YES;
				CLANG_WARN_DEPRECATED_OBJC_IMPLEMENTATIONS = YES;
				CLANG_WARN_DIRECT_OBJC_ISA_USAGE = YES_ERROR;
				CLANG_WARN_DOCUMENTATION_COMMENTS = YES;
				CLANG_WARN_EMPTY_BODY = YES;
				CLANG_WARN_ENUM_CONVERSION = YES;
				CLANG_WARN_INFINITE_RECURSION = YES;
				CLANG_WARN_INT_CONVERSION = YES;
				CLANG_WARN_NON_LITERAL_NULL_CONVERSION = YES;
				CLANG_WARN_OBJC_IMPLICIT_RETAIN_SELF = YES;
				CLANG_WARN_OBJC_LITERAL_CONVERSION = YES;
				CLANG_WARN_OBJC_ROOT_CLASS = YES_ERROR;
				CLANG_WARN_QUOTED_INCLUDE_IN_FRAMEWORK_HEADER = YES;
				CLANG_WARN_RANGE_LOOP_ANALYSIS = YES;
				CLANG_WARN_STRICT_PROTOTYPES = YES;
				CLANG_WARN_SUSPICIOUS_MOVE = YES;
				CLANG_WARN_UNGUARDED_AVAILABILITY = YES_AGGRESSIVE;
				CLANG_WARN_UNREACHABLE_CODE = YES;
				CLANG_WARN__DUPLICATE_METHOD_MATCH = YES;
				COPY_PHASE_STRIP = NO;
				DEBUG_INFORMATION_FORMAT = "dwarf-with-dsym";
				ENABLE_NS_ASSERTIONS = NO;
				ENABLE_STRICT_OBJC_MSGSEND = YES;
				GCC_C_LANGUAGE_STANDARD = gnu11;
				GCC_NO_COMMON_BLOCKS = YES;
				GCC_WARN_64_TO_32_BIT_CONVERSION = YES;
				GCC_WARN_ABOUT_RETURN_TYPE = YES_ERROR;
				GCC_WARN_UNDECLARED_SELECTOR = YES;
				GCC_WARN_UNINITIALIZED_AUTOS = YES_AGGRESSIVE;
				GCC_WARN_UNUSED_FUNCTION = YES;
				GCC_WARN_UNUSED_VARIABLE = YES;
				IPHONEOS_DEPLOYMENT_TARGET = 14.4;
				MTL_ENABLE_DEBUG_INFO = NO;
				MTL_FAST_MATH = YES;
				SDKROOT = iphoneos;
				SWIFT_COMPILATION_MODE = wholemodule;
				SWIFT_OPTIMIZATION_LEVEL = "-O";
				VALIDATE_PRODUCT = YES;
			};
			name = Release;
		};
		7F434093261CEA76003B049B /* Debug */ = {
			isa = XCBuildConfiguration;
			buildSettings = {
				ASSETCATALOG_COMPILER_APPICON_NAME = AppIcon;
				ASSETCATALOG_COMPILER_GLOBAL_ACCENT_COLOR_NAME = AccentColor;
				CODE_SIGN_STYLE = Automatic;
				DEVELOPMENT_TEAM = B6836TD45W;
				INFOPLIST_FILE = ArtableShop/Info.plist;
				LD_RUNPATH_SEARCH_PATHS = (
					"$(inherited)",
					"@executable_path/Frameworks",
				);
				PRODUCT_BUNDLE_IDENTIFIER = MaxRimarcsuk.ArtableShop;
				PRODUCT_NAME = "$(TARGET_NAME)";
				SWIFT_VERSION = 5.0;
				TARGETED_DEVICE_FAMILY = "1,2";
			};
			name = Debug;
		};
		7F434094261CEA76003B049B /* Release */ = {
			isa = XCBuildConfiguration;
			buildSettings = {
				ASSETCATALOG_COMPILER_APPICON_NAME = AppIcon;
				ASSETCATALOG_COMPILER_GLOBAL_ACCENT_COLOR_NAME = AccentColor;
				CODE_SIGN_STYLE = Automatic;
				DEVELOPMENT_TEAM = B6836TD45W;
				INFOPLIST_FILE = ArtableShop/Info.plist;
				LD_RUNPATH_SEARCH_PATHS = (
					"$(inherited)",
					"@executable_path/Frameworks",
				);
				PRODUCT_BUNDLE_IDENTIFIER = MaxRimarcsuk.ArtableShop;
				PRODUCT_NAME = "$(TARGET_NAME)";
				SWIFT_VERSION = 5.0;
				TARGETED_DEVICE_FAMILY = "1,2";
			};
			name = Release;
		};
		7F4340AC261CEAFE003B049B /* Debug */ = {
			isa = XCBuildConfiguration;
			buildSettings = {
				ASSETCATALOG_COMPILER_APPICON_NAME = AppIcon;
				ASSETCATALOG_COMPILER_GLOBAL_ACCENT_COLOR_NAME = AccentColor;
				CODE_SIGN_STYLE = Automatic;
				DEVELOPMENT_TEAM = B6836TD45W;
				INFOPLIST_FILE = ArtableAdmin/Info.plist;
				LD_RUNPATH_SEARCH_PATHS = (
					"$(inherited)",
					"@executable_path/Frameworks",
				);
				PRODUCT_BUNDLE_IDENTIFIER = MaxRimarcsuk.ArtableAdmin;
				PRODUCT_NAME = "$(TARGET_NAME)";
				SWIFT_VERSION = 5.0;
				TARGETED_DEVICE_FAMILY = "1,2";
			};
			name = Debug;
		};
		7F4340AD261CEAFE003B049B /* Release */ = {
			isa = XCBuildConfiguration;
			buildSettings = {
				ASSETCATALOG_COMPILER_APPICON_NAME = AppIcon;
				ASSETCATALOG_COMPILER_GLOBAL_ACCENT_COLOR_NAME = AccentColor;
				CODE_SIGN_STYLE = Automatic;
				DEVELOPMENT_TEAM = B6836TD45W;
				INFOPLIST_FILE = ArtableAdmin/Info.plist;
				LD_RUNPATH_SEARCH_PATHS = (
					"$(inherited)",
					"@executable_path/Frameworks",
				);
				PRODUCT_BUNDLE_IDENTIFIER = MaxRimarcsuk.ArtableAdmin;
				PRODUCT_NAME = "$(TARGET_NAME)";
				SWIFT_VERSION = 5.0;
				TARGETED_DEVICE_FAMILY = "1,2";
			};
			name = Release;
		};
/* End XCBuildConfiguration section */

/* Begin XCConfigurationList section */
		7F434079261CEA74003B049B /* Build configuration list for PBXProject "ArtableShop" */ = {
			isa = XCConfigurationList;
			buildConfigurations = (
				7F434090261CEA76003B049B /* Debug */,
				7F434091261CEA76003B049B /* Release */,
			);
			defaultConfigurationIsVisible = 0;
			defaultConfigurationName = Release;
		};
		7F434092261CEA76003B049B /* Build configuration list for PBXNativeTarget "ArtableShop" */ = {
			isa = XCConfigurationList;
			buildConfigurations = (
				7F434093261CEA76003B049B /* Debug */,
				7F434094261CEA76003B049B /* Release */,
			);
			defaultConfigurationIsVisible = 0;
			defaultConfigurationName = Release;
		};
		7F4340AB261CEAFE003B049B /* Build configuration list for PBXNativeTarget "ArtableAdmin" */ = {
			isa = XCConfigurationList;
			buildConfigurations = (
				7F4340AC261CEAFE003B049B /* Debug */,
				7F4340AD261CEAFE003B049B /* Release */,
			);
			defaultConfigurationIsVisible = 0;
			defaultConfigurationName = Release;
		};
/* End XCConfigurationList section */
	};
	rootObject = 7F434076261CEA74003B049B /* Project object */;
}
